
Microsoft Visual Studio Solution File, Format Version 9.00
# Visual Studio 2005
Project("{2150E333-8FDC-42A3-9474-1A3956D46DE8}") = "Common", "Common", "{17D9EE71-61BA-4EA2-B74F-B2E3C5C82925}"
	ProjectSection(WebsiteProperties) = preProject
		Debug.AspNetCompiler.Debug = "True"
		Release.AspNetCompiler.Debug = "False"
	EndProjectSection
EndProject
Project("{8BC9CEB8-8B4A-11D0-8D11-00A0C91BC942}") = "detours", "..\Common\detours\detours.vcproj", "{E9EBE313-1D5C-4E34-846B-7EBBE3EE6CDE}"
	ProjectSection(WebsiteProperties) = preProject
		Debug.AspNetCompiler.Debug = "True"
		Release.AspNetCompiler.Debug = "False"
	EndProjectSection
EndProject
Project("{2150E333-8FDC-42A3-9474-1A3956D46DE8}") = "SF", "SF", "{B8D97AB8-2F06-4189-AF81-AD5A78C08B3E}"
	ProjectSection(WebsiteProperties) = preProject
		Debug.AspNetCompiler.Debug = "True"
		Release.AspNetCompiler.Debug = "False"
	EndProjectSection
EndProject
Project("{8BC9CEB8-8B4A-11D0-8D11-00A0C91BC942}") = "DirectInput-Hook", "..\Common\DirectInput-Hook\DirectInput-Hook.vcproj", "{A181F2F9-5D2C-4AEB-9309-291F50997A37}"
	ProjectSection(WebsiteProperties) = preProject
		Debug.AspNetCompiler.Debug = "True"
		Release.AspNetCompiler.Debug = "False"
	EndProjectSection
EndProject
Project("{8BC9CEB8-8B4A-11D0-8D11-00A0C91BC942}") = "SFCoin", "SFCoin\SFCoin.vcproj", "{545C75C0-03E3-4B97-A9CE-567328CF6E21}"
	ProjectSection(WebsiteProperties) = preProject
		Debug.AspNetCompiler.Debug = "True"
		Release.AspNetCompiler.Debug = "False"
	EndProjectSection
	ProjectSection(ProjectDependencies) = postProject
		{E9EBE313-1D5C-4E34-846B-7EBBE3EE6CDE} = {E9EBE313-1D5C-4E34-846B-7EBBE3EE6CDE}
		{33D29C18-091F-4FD7-BA94-64F93B442216} = {33D29C18-091F-4FD7-BA94-64F93B442216}
		{A181F2F9-5D2C-4AEB-9309-291F50997A37} = {A181F2F9-5D2C-4AEB-9309-291F50997A37}
	EndProjectSection
EndProject
Project("{8BC9CEB8-8B4A-11D0-8D11-00A0C91BC942}") = "UIShow", "..\Common\UIShow\UIShow.vcproj", "{33D29C18-091F-4FD7-BA94-64F93B442216}"
	ProjectSection(WebsiteProperties) = preProject
		Debug.AspNetCompiler.Debug = "True"
		Release.AspNetCompiler.Debug = "False"
	EndProjectSection
EndProject
Project("{8BC9CEB8-8B4A-11D0-8D11-00A0C91BC942}") = "SFCoinSet", "SFCoinSet\SFCoinSet.vcproj", "{B9759212-7BD2-4DB5-B685-2487539D5427}"
	ProjectSection(WebsiteProperties) = preProject
		Debug.AspNetCompiler.Debug = "True"
		Release.AspNetCompiler.Debug = "False"
	EndProjectSection
EndProject
Global
	GlobalSection(SolutionConfigurationPlatforms) = preSolution
		Debug|Win32 = Debug|Win32
		Release|Win32 = Release|Win32
	EndGlobalSection
	GlobalSection(ProjectConfigurationPlatforms) = postSolution
		{E9EBE313-1D5C-4E34-846B-7EBBE3EE6CDE}.Debug|Win32.ActiveCfg = Debug|Win32
		{E9EBE313-1D5C-4E34-846B-7EBBE3EE6CDE}.Debug|Win32.Build.0 = Debug|Win32
		{E9EBE313-1D5C-4E34-846B-7EBBE3EE6CDE}.Release|Win32.ActiveCfg = Release|Win32
		{E9EBE313-1D5C-4E34-846B-7EBBE3EE6CDE}.Release|Win32.Build.0 = Release|Win32
		{A181F2F9-5D2C-4AEB-9309-291F50997A37}.Debug|Win32.ActiveCfg = Debug|Win32
		{A181F2F9-5D2C-4AEB-9309-291F50997A37}.Debug|Win32.Build.0 = Debug|Win32
		{A181F2F9-5D2C-4AEB-9309-291F50997A37}.Release|Win32.ActiveCfg = Release|Win32
		{A181F2F9-5D2C-4AEB-9309-291F50997A37}.Release|Win32.Build.0 = Release|Win32
		{545C75C0-03E3-4B97-A9CE-567328CF6E21}.Debug|Win32.ActiveCfg = Debug|Win32
		{545C75C0-03E3-4B97-A9CE-567328CF6E21}.Debug|Win32.Build.0 = Debug|Win32
		{545C75C0-03E3-4B97-A9CE-567328CF6E21}.Release|Win32.ActiveCfg = Release|Win32
		{545C75C0-03E3-4B97-A9CE-567328CF6E21}.Release|Win32.Build.0 = Release|Win32
		{33D29C18-091F-4FD7-BA94-64F93B442216}.Debug|Win32.ActiveCfg = Debug|Win32
		{33D29C18-091F-4FD7-BA94-64F93B442216}.Debug|Win32.Build.0 = Debug|Win32
		{33D29C18-091F-4FD7-BA94-64F93B442216}.Release|Win32.ActiveCfg = Release|Win32
		{33D29C18-091F-4FD7-BA94-64F93B442216}.Release|Win32.Build.0 = Release|Win32
		{B9759212-7BD2-4DB5-B685-2487539D5427}.Debug|Win32.ActiveCfg = Debug|Win32
		{B9759212-7BD2-4DB5-B685-2487539D5427}.Debug|Win32.Build.0 = Debug|Win32
		{B9759212-7BD2-4DB5-B685-2487539D5427}.Release|Win32.ActiveCfg = Release|Win32
		{B9759212-7BD2-4DB5-B685-2487539D5427}.Release|Win32.Build.0 = Release|Win32
	EndGlobalSection
	GlobalSection(SolutionProperties) = preSolution
		HideSolutionNode = FALSE
	EndGlobalSection
	GlobalSection(NestedProjects) = preSolution
		{E9EBE313-1D5C-4E34-846B-7EBBE3EE6CDE} = {17D9EE71-61BA-4EA2-B74F-B2E3C5C82925}
		{A181F2F9-5D2C-4AEB-9309-291F50997A37} = {17D9EE71-61BA-4EA2-B74F-B2E3C5C82925}
		{33D29C18-091F-4FD7-BA94-64F93B442216} = {17D9EE71-61BA-4EA2-B74F-B2E3C5C82925}
		{545C75C0-03E3-4B97-A9CE-567328CF6E21} = {B8D97AB8-2F06-4189-AF81-AD5A78C08B3E}
		{B9759212-7BD2-4DB5-B685-2487539D5427} = {B8D97AB8-2F06-4189-AF81-AD5A78C08B3E}
	EndGlobalSection
EndGlobal
